
Microsoft Visual Studio Solution File, Format Version 12.00
# Visual Studio Version 16
VisualStudioVersion = 16.0.30907.101
MinimumVisualStudioVersion = 10.0.40219.1
Project("{9A19103F-16F7-4668-BE54-9A1E7A4F7556}") = "SFA.DAS.ApprenticeCommitments.Web", "SFA.DAS.ApprenticeCommitments.Web\SFA.DAS.ApprenticeCommitments.Web.csproj", "{11B88973-87E0-4E75-800D-15B6014B76FA}"
EndProject
Project("{2150E333-8FDC-42A3-9474-1A3956D46DE8}") = "Tests", "Tests", "{54740526-2C95-4AC5-9CD1-F9B08732303D}"
EndProject
Project("{2150E333-8FDC-42A3-9474-1A3956D46DE8}") = "Solution Items", "Solution Items", "{2FF0F0D1-078A-456A-9B58-BAAE9F611DD1}"
	ProjectSection(SolutionItems) = preProject
		.editorconfig = .editorconfig
	EndProjectSection
EndProject
Project("{9A19103F-16F7-4668-BE54-9A1E7A4F7556}") = "SFA.DAS.ApprenticeCommitments.Web.MockServer", "SFA.DAS.ApprenticeCommitments.Web.MockServer\SFA.DAS.ApprenticeCommitments.Web.MockServer.csproj", "{DB8C2639-7CA6-4A71-9405-9C7C4DE6B7BC}"
EndProject
Project("{9A19103F-16F7-4668-BE54-9A1E7A4F7556}") = "SFA.DAS.ApprenticeCommitments.Web.UnitTests", "SFA.DAS.ApprenticeCommitments.Web.UnitTests\SFA.DAS.ApprenticeCommitments.Web.UnitTests.csproj", "{AF0C3200-7E73-4222-8FBC-4F3E5F7B8B2B}"
EndProject
Global
	GlobalSection(SolutionConfigurationPlatforms) = preSolution
		Debug|Any CPU = Debug|Any CPU
		Release|Any CPU = Release|Any CPU
	EndGlobalSection
	GlobalSection(ProjectConfigurationPlatforms) = postSolution
		{11B88973-87E0-4E75-800D-15B6014B76FA}.Debug|Any CPU.ActiveCfg = Debug|Any CPU
		{11B88973-87E0-4E75-800D-15B6014B76FA}.Debug|Any CPU.Build.0 = Debug|Any CPU
		{11B88973-87E0-4E75-800D-15B6014B76FA}.Release|Any CPU.ActiveCfg = Release|Any CPU
		{11B88973-87E0-4E75-800D-15B6014B76FA}.Release|Any CPU.Build.0 = Release|Any CPU
		{DB8C2639-7CA6-4A71-9405-9C7C4DE6B7BC}.Debug|Any CPU.ActiveCfg = Debug|Any CPU
		{DB8C2639-7CA6-4A71-9405-9C7C4DE6B7BC}.Debug|Any CPU.Build.0 = Debug|Any CPU
		{DB8C2639-7CA6-4A71-9405-9C7C4DE6B7BC}.Release|Any CPU.ActiveCfg = Release|Any CPU
		{DB8C2639-7CA6-4A71-9405-9C7C4DE6B7BC}.Release|Any CPU.Build.0 = Release|Any CPU
		{AF0C3200-7E73-4222-8FBC-4F3E5F7B8B2B}.Debug|Any CPU.ActiveCfg = Debug|Any CPU
		{AF0C3200-7E73-4222-8FBC-4F3E5F7B8B2B}.Debug|Any CPU.Build.0 = Debug|Any CPU
		{AF0C3200-7E73-4222-8FBC-4F3E5F7B8B2B}.Release|Any CPU.ActiveCfg = Release|Any CPU
		{AF0C3200-7E73-4222-8FBC-4F3E5F7B8B2B}.Release|Any CPU.Build.0 = Release|Any CPU
	EndGlobalSection
	GlobalSection(SolutionProperties) = preSolution
		HideSolutionNode = FALSE
	EndGlobalSection
	GlobalSection(NestedProjects) = preSolution
		{DB8C2639-7CA6-4A71-9405-9C7C4DE6B7BC} = {54740526-2C95-4AC5-9CD1-F9B08732303D}
		{AF0C3200-7E73-4222-8FBC-4F3E5F7B8B2B} = {54740526-2C95-4AC5-9CD1-F9B08732303D}
	EndGlobalSection
	GlobalSection(ExtensibilityGlobals) = postSolution
		SolutionGuid = {0418A206-40C3-495B-87D8-B14291705DEC}
	EndGlobalSection
EndGlobal
